
Microsoft Visual Studio Solution File, Format Version 12.00
# Visual Studio Version 17
VisualStudioVersion = 17.3.32804.467
MinimumVisualStudioVersion = 10.0.40219.1
Project("{9A19103F-16F7-4668-BE54-9A1E7A4F7556}") = "Core.Application", "src\corePackages\Core.Application\Core.Application.csproj", "{035FB5F2-E2AB-4B6D-8853-ADC1ED8030A0}"
EndProject
Project("{2150E333-8FDC-42A3-9474-1A3956D46DE8}") = "src", "src", "{26EA831F-1113-487E-8F98-48E5F5DF758C}"
EndProject
Project("{2150E333-8FDC-42A3-9474-1A3956D46DE8}") = "corePackages", "corePackages", "{F726AEAE-432D-45F3-AE0E-F8B50130BC34}"
EndProject
Project("{9A19103F-16F7-4668-BE54-9A1E7A4F7556}") = "Core.CrossCuttingConcerns", "src\corePackages\Core.CrossCuttingConcers\Core.CrossCuttingConcerns.csproj", "{0AC9E2CF-3789-44C2-8B6C-DF3F938C3875}"
EndProject
Project("{9A19103F-16F7-4668-BE54-9A1E7A4F7556}") = "Core.ElasticSearch", "src\corePackages\Core.ElasticSearch\Core.ElasticSearch.csproj", "{8DA20AA4-B44C-493E-B317-74A9D45AAFB5}"
EndProject
Project("{9A19103F-16F7-4668-BE54-9A1E7A4F7556}") = "Core.Mailing", "src\corePackages\Core.Mailing\Core.Mailing.csproj", "{34DF281F-F8FE-41E6-8EB7-A4A22D2EA4A9}"
EndProject
Project("{9A19103F-16F7-4668-BE54-9A1E7A4F7556}") = "Core.Persistence", "src\corePackages\Core.Persistence\Core.Persistence.csproj", "{C561275A-A26A-45AD-9903-C6956ED9F095}"
EndProject
Project("{9A19103F-16F7-4668-BE54-9A1E7A4F7556}") = "Core.Security", "src\corePackages\Core.Security\Core.Security.csproj", "{6042627B-4815-4766-BD46-6A9420DD18CB}"
EndProject
Project("{2150E333-8FDC-42A3-9474-1A3956D46DE8}") = "kodlamaDevs", "kodlamaDevs", "{58A169E6-24F9-4E94-9E99-CAD420332EAA}"
EndProject
Project("{FAE04EC0-301F-11D3-BF4B-00C04F79EFBC}") = "Application", "src\kodlamaDevs\Application\Application.csproj", "{4611F0E0-8841-4E4E-A9EE-F0214DBB94FE}"
EndProject
Project("{FAE04EC0-301F-11D3-BF4B-00C04F79EFBC}") = "Domain", "src\kodlamaDevs\Domain\Domain.csproj", "{E8A4FBCD-B92F-4591-B691-8162FB31D868}"
EndProject
Project("{FAE04EC0-301F-11D3-BF4B-00C04F79EFBC}") = "Infrastructure", "src\kodlamaDevs\Infrastructure\Infrastructure.csproj", "{26630D94-0D8C-4A07-B440-3B8C3EFEEF91}"
EndProject
Project("{FAE04EC0-301F-11D3-BF4B-00C04F79EFBC}") = "Persistence", "src\kodlamaDevs\Persistence\Persistence.csproj", "{DAEFB411-B47E-4300-8390-A99344D78343}"
EndProject
Project("{FAE04EC0-301F-11D3-BF4B-00C04F79EFBC}") = "WebAPI", "src\kodlamaDevs\WebAPI\WebAPI.csproj", "{6F7692A7-C8F0-4805-96FE-A75867E41E06}"
EndProject
Global
	GlobalSection(SolutionConfigurationPlatforms) = preSolution
		Debug|Any CPU = Debug|Any CPU
		Release|Any CPU = Release|Any CPU
	EndGlobalSection
	GlobalSection(ProjectConfigurationPlatforms) = postSolution
		{035FB5F2-E2AB-4B6D-8853-ADC1ED8030A0}.Debug|Any CPU.ActiveCfg = Debug|Any CPU
		{035FB5F2-E2AB-4B6D-8853-ADC1ED8030A0}.Debug|Any CPU.Build.0 = Debug|Any CPU
		{035FB5F2-E2AB-4B6D-8853-ADC1ED8030A0}.Release|Any CPU.ActiveCfg = Release|Any CPU
		{035FB5F2-E2AB-4B6D-8853-ADC1ED8030A0}.Release|Any CPU.Build.0 = Release|Any CPU
		{0AC9E2CF-3789-44C2-8B6C-DF3F938C3875}.Debug|Any CPU.ActiveCfg = Debug|Any CPU
		{0AC9E2CF-3789-44C2-8B6C-DF3F938C3875}.Debug|Any CPU.Build.0 = Debug|Any CPU
		{0AC9E2CF-3789-44C2-8B6C-DF3F938C3875}.Release|Any CPU.ActiveCfg = Release|Any CPU
		{0AC9E2CF-3789-44C2-8B6C-DF3F938C3875}.Release|Any CPU.Build.0 = Release|Any CPU
		{8DA20AA4-B44C-493E-B317-74A9D45AAFB5}.Debug|Any CPU.ActiveCfg = Debug|Any CPU
		{8DA20AA4-B44C-493E-B317-74A9D45AAFB5}.Debug|Any CPU.Build.0 = Debug|Any CPU
		{8DA20AA4-B44C-493E-B317-74A9D45AAFB5}.Release|Any CPU.ActiveCfg = Release|Any CPU
		{8DA20AA4-B44C-493E-B317-74A9D45AAFB5}.Release|Any CPU.Build.0 = Release|Any CPU
		{34DF281F-F8FE-41E6-8EB7-A4A22D2EA4A9}.Debug|Any CPU.ActiveCfg = Debug|Any CPU
		{34DF281F-F8FE-41E6-8EB7-A4A22D2EA4A9}.Debug|Any CPU.Build.0 = Debug|Any CPU
		{34DF281F-F8FE-41E6-8EB7-A4A22D2EA4A9}.Release|Any CPU.ActiveCfg = Release|Any CPU
		{34DF281F-F8FE-41E6-8EB7-A4A22D2EA4A9}.Release|Any CPU.Build.0 = Release|Any CPU
		{C561275A-A26A-45AD-9903-C6956ED9F095}.Debug|Any CPU.ActiveCfg = Debug|Any CPU
		{C561275A-A26A-45AD-9903-C6956ED9F095}.Debug|Any CPU.Build.0 = Debug|Any CPU
		{C561275A-A26A-45AD-9903-C6956ED9F095}.Release|Any CPU.ActiveCfg = Release|Any CPU
		{C561275A-A26A-45AD-9903-C6956ED9F095}.Release|Any CPU.Build.0 = Release|Any CPU
		{6042627B-4815-4766-BD46-6A9420DD18CB}.Debug|Any CPU.ActiveCfg = Debug|Any CPU
		{6042627B-4815-4766-BD46-6A9420DD18CB}.Debug|Any CPU.Build.0 = Debug|Any CPU
		{6042627B-4815-4766-BD46-6A9420DD18CB}.Release|Any CPU.ActiveCfg = Release|Any CPU
		{6042627B-4815-4766-BD46-6A9420DD18CB}.Release|Any CPU.Build.0 = Release|Any CPU
		{4611F0E0-8841-4E4E-A9EE-F0214DBB94FE}.Debug|Any CPU.ActiveCfg = Debug|Any CPU
		{4611F0E0-8841-4E4E-A9EE-F0214DBB94FE}.Debug|Any CPU.Build.0 = Debug|Any CPU
		{4611F0E0-8841-4E4E-A9EE-F0214DBB94FE}.Release|Any CPU.ActiveCfg = Release|Any CPU
		{4611F0E0-8841-4E4E-A9EE-F0214DBB94FE}.Release|Any CPU.Build.0 = Release|Any CPU
		{E8A4FBCD-B92F-4591-B691-8162FB31D868}.Debug|Any CPU.ActiveCfg = Debug|Any CPU
		{E8A4FBCD-B92F-4591-B691-8162FB31D868}.Debug|Any CPU.Build.0 = Debug|Any CPU
		{E8A4FBCD-B92F-4591-B691-8162FB31D868}.Release|Any CPU.ActiveCfg = Release|Any CPU
		{E8A4FBCD-B92F-4591-B691-8162FB31D868}.Release|Any CPU.Build.0 = Release|Any CPU
		{26630D94-0D8C-4A07-B440-3B8C3EFEEF91}.Debug|Any CPU.ActiveCfg = Debug|Any CPU
		{26630D94-0D8C-4A07-B440-3B8C3EFEEF91}.Debug|Any CPU.Build.0 = Debug|Any CPU
		{26630D94-0D8C-4A07-B440-3B8C3EFEEF91}.Release|Any CPU.ActiveCfg = Release|Any CPU
		{26630D94-0D8C-4A07-B440-3B8C3EFEEF91}.Release|Any CPU.Build.0 = Release|Any CPU
		{DAEFB411-B47E-4300-8390-A99344D78343}.Debug|Any CPU.ActiveCfg = Debug|Any CPU
		{DAEFB411-B47E-4300-8390-A99344D78343}.Debug|Any CPU.Build.0 = Debug|Any CPU
		{DAEFB411-B47E-4300-8390-A99344D78343}.Release|Any CPU.ActiveCfg = Release|Any CPU
		{DAEFB411-B47E-4300-8390-A99344D78343}.Release|Any CPU.Build.0 = Release|Any CPU
		{6F7692A7-C8F0-4805-96FE-A75867E41E06}.Debug|Any CPU.ActiveCfg = Debug|Any CPU
		{6F7692A7-C8F0-4805-96FE-A75867E41E06}.Debug|Any CPU.Build.0 = Debug|Any CPU
		{6F7692A7-C8F0-4805-96FE-A75867E41E06}.Release|Any CPU.ActiveCfg = Release|Any CPU
		{6F7692A7-C8F0-4805-96FE-A75867E41E06}.Release|Any CPU.Build.0 = Release|Any CPU
	EndGlobalSection
	GlobalSection(SolutionProperties) = preSolution
		HideSolutionNode = FALSE
	EndGlobalSection
	GlobalSection(NestedProjects) = preSolution
		{035FB5F2-E2AB-4B6D-8853-ADC1ED8030A0} = {F726AEAE-432D-45F3-AE0E-F8B50130BC34}
		{F726AEAE-432D-45F3-AE0E-F8B50130BC34} = {26EA831F-1113-487E-8F98-48E5F5DF758C}
		{0AC9E2CF-3789-44C2-8B6C-DF3F938C3875} = {F726AEAE-432D-45F3-AE0E-F8B50130BC34}
		{8DA20AA4-B44C-493E-B317-74A9D45AAFB5} = {F726AEAE-432D-45F3-AE0E-F8B50130BC34}
		{34DF281F-F8FE-41E6-8EB7-A4A22D2EA4A9} = {F726AEAE-432D-45F3-AE0E-F8B50130BC34}
		{C561275A-A26A-45AD-9903-C6956ED9F095} = {F726AEAE-432D-45F3-AE0E-F8B50130BC34}
		{6042627B-4815-4766-BD46-6A9420DD18CB} = {F726AEAE-432D-45F3-AE0E-F8B50130BC34}
		{58A169E6-24F9-4E94-9E99-CAD420332EAA} = {26EA831F-1113-487E-8F98-48E5F5DF758C}
		{4611F0E0-8841-4E4E-A9EE-F0214DBB94FE} = {58A169E6-24F9-4E94-9E99-CAD420332EAA}
		{E8A4FBCD-B92F-4591-B691-8162FB31D868} = {58A169E6-24F9-4E94-9E99-CAD420332EAA}
		{26630D94-0D8C-4A07-B440-3B8C3EFEEF91} = {58A169E6-24F9-4E94-9E99-CAD420332EAA}
		{DAEFB411-B47E-4300-8390-A99344D78343} = {58A169E6-24F9-4E94-9E99-CAD420332EAA}
		{6F7692A7-C8F0-4805-96FE-A75867E41E06} = {58A169E6-24F9-4E94-9E99-CAD420332EAA}
	EndGlobalSection
	GlobalSection(ExtensibilityGlobals) = postSolution
		SolutionGuid = {3242918D-BA22-48FB-8E6D-47F43CFE1EDF}
	EndGlobalSection
EndGlobal
